
Microsoft Visual Studio Solution File, Format Version 12.00
# Visual Studio Version 17
VisualStudioVersion = 17.12.35707.178 d17.12
MinimumVisualStudioVersion = 10.0.40219.1
Project("{FAE04EC0-301F-11D3-BF4B-00C04F79EFBC}") = "RailwayManagementSystemAPI", "RailwayManagementSystemAPI\RailwayManagementSystemAPI.csproj", "{0F324B15-9005-41CA-9901-A387EAA3057A}"
EndProject
Project("{FAE04EC0-301F-11D3-BF4B-00C04F79EFBC}") = "RailwayCore", "..\RailwayCore\RailwayCore\RailwayCore.csproj", "{D5D324F6-4606-4EE9-8BE8-AAD9F4C2ED69}"
EndProject
Global
	GlobalSection(SolutionConfigurationPlatforms) = preSolution
		Debug|Any CPU = Debug|Any CPU
		Release|Any CPU = Release|Any CPU
	EndGlobalSection
	GlobalSection(ProjectConfigurationPlatforms) = postSolution
		{0F324B15-9005-41CA-9901-A387EAA3057A}.Debug|Any CPU.ActiveCfg = Debug|Any CPU
		{0F324B15-9005-41CA-9901-A387EAA3057A}.Debug|Any CPU.Build.0 = Debug|Any CPU
		{0F324B15-9005-41CA-9901-A387EAA3057A}.Release|Any CPU.ActiveCfg = Release|Any CPU
		{0F324B15-9005-41CA-9901-A387EAA3057A}.Release|Any CPU.Build.0 = Release|Any CPU
		{D5D324F6-4606-4EE9-8BE8-AAD9F4C2ED69}.Debug|Any CPU.ActiveCfg = Debug|Any CPU
		{D5D324F6-4606-4EE9-8BE8-AAD9F4C2ED69}.Debug|Any CPU.Build.0 = Debug|Any CPU
		{D5D324F6-4606-4EE9-8BE8-AAD9F4C2ED69}.Release|Any CPU.ActiveCfg = Release|Any CPU
		{D5D324F6-4606-4EE9-8BE8-AAD9F4C2ED69}.Release|Any CPU.Build.0 = Release|Any CPU
	EndGlobalSection
	GlobalSection(SolutionProperties) = preSolution
		HideSolutionNode = FALSE
	EndGlobalSection
EndGlobal
